
Microsoft Visual Studio Solution File, Format Version 12.00
# Visual Studio Version 17
VisualStudioVersion = 17.2.32630.192
MinimumVisualStudioVersion = 10.0.40219.1
Project("{FAE04EC0-301F-11D3-BF4B-00C04F79EFBC}") = "WPF_05", "WPF_05\WPF_05.csproj", "{AB8021F1-B534-494E-AEFB-2EA28D18A437}"
EndProject
Global
	GlobalSection(SolutionConfigurationPlatforms) = preSolution
		Debug|Any CPU = Debug|Any CPU
		Release|Any CPU = Release|Any CPU
	EndGlobalSection
	GlobalSection(ProjectConfigurationPlatforms) = postSolution
		{AB8021F1-B534-494E-AEFB-2EA28D18A437}.Debug|Any CPU.ActiveCfg = Debug|Any CPU
		{AB8021F1-B534-494E-AEFB-2EA28D18A437}.Debug|Any CPU.Build.0 = Debug|Any CPU
		{AB8021F1-B534-494E-AEFB-2EA28D18A437}.Release|Any CPU.ActiveCfg = Release|Any CPU
		{AB8021F1-B534-494E-AEFB-2EA28D18A437}.Release|Any CPU.Build.0 = Release|Any CPU
	EndGlobalSection
	GlobalSection(SolutionProperties) = preSolution
		HideSolutionNode = FALSE
	EndGlobalSection
	GlobalSection(ExtensibilityGlobals) = postSolution
		SolutionGuid = {3212ADB0-A9FF-4A39-8571-8317E0E2A1A6}
	EndGlobalSection
EndGlobal
