
Microsoft Visual Studio Solution File, Format Version 12.00
# Visual Studio Version 17
VisualStudioVersion = 17.2.32616.157
MinimumVisualStudioVersion = 10.0.40219.1
Project("{FAE04EC0-301F-11D3-BF4B-00C04F79EFBC}") = "DoWhileLoops", "DoWhileLoops\DoWhileLoops.csproj", "{C6190600-2FE8-4322-A54C-308CA076923A}"
EndProject
Global
	GlobalSection(SolutionConfigurationPlatforms) = preSolution
		Debug|Any CPU = Debug|Any CPU
		Release|Any CPU = Release|Any CPU
	EndGlobalSection
	GlobalSection(ProjectConfigurationPlatforms) = postSolution
		{C6190600-2FE8-4322-A54C-308CA076923A}.Debug|Any CPU.ActiveCfg = Debug|Any CPU
		{C6190600-2FE8-4322-A54C-308CA076923A}.Debug|Any CPU.Build.0 = Debug|Any CPU
		{C6190600-2FE8-4322-A54C-308CA076923A}.Release|Any CPU.ActiveCfg = Release|Any CPU
		{C6190600-2FE8-4322-A54C-308CA076923A}.Release|Any CPU.Build.0 = Release|Any CPU
	EndGlobalSection
	GlobalSection(SolutionProperties) = preSolution
		HideSolutionNode = FALSE
	EndGlobalSection
	GlobalSection(ExtensibilityGlobals) = postSolution
		SolutionGuid = {861BE0A4-BE80-4A36-BAA8-25C425647259}
	EndGlobalSection
EndGlobal
