
Microsoft Visual Studio Solution File, Format Version 12.00
# Visual Studio Version 17
VisualStudioVersion = 17.2.32616.157
MinimumVisualStudioVersion = 10.0.40219.1
Project("{FAE04EC0-301F-11D3-BF4B-00C04F79EFBC}") = "WhileLoops", "WhileLoops\WhileLoops.csproj", "{00F13DC4-A656-4A79-A2A9-6E40F7921070}"
EndProject
Global
	GlobalSection(SolutionConfigurationPlatforms) = preSolution
		Debug|Any CPU = Debug|Any CPU
		Release|Any CPU = Release|Any CPU
	EndGlobalSection
	GlobalSection(ProjectConfigurationPlatforms) = postSolution
		{00F13DC4-A656-4A79-A2A9-6E40F7921070}.Debug|Any CPU.ActiveCfg = Debug|Any CPU
		{00F13DC4-A656-4A79-A2A9-6E40F7921070}.Debug|Any CPU.Build.0 = Debug|Any CPU
		{00F13DC4-A656-4A79-A2A9-6E40F7921070}.Release|Any CPU.ActiveCfg = Release|Any CPU
		{00F13DC4-A656-4A79-A2A9-6E40F7921070}.Release|Any CPU.Build.0 = Release|Any CPU
	EndGlobalSection
	GlobalSection(SolutionProperties) = preSolution
		HideSolutionNode = FALSE
	EndGlobalSection
	GlobalSection(ExtensibilityGlobals) = postSolution
		SolutionGuid = {AFC60EE9-B152-4B77-B744-2BF5178BFA73}
	EndGlobalSection
EndGlobal
