
Microsoft Visual Studio Solution File, Format Version 12.00
# Visual Studio Version 17
VisualStudioVersion = 17.2.32630.192
MinimumVisualStudioVersion = 10.0.40219.1
Project("{FAE04EC0-301F-11D3-BF4B-00C04F79EFBC}") = "AbstractClasses", "AbstractClasses\AbstractClasses.csproj", "{AA9DCC96-B4C8-43F9-8C50-2E13DDDD2C23}"
EndProject
Global
	GlobalSection(SolutionConfigurationPlatforms) = preSolution
		Debug|Any CPU = Debug|Any CPU
		Release|Any CPU = Release|Any CPU
	EndGlobalSection
	GlobalSection(ProjectConfigurationPlatforms) = postSolution
		{AA9DCC96-B4C8-43F9-8C50-2E13DDDD2C23}.Debug|Any CPU.ActiveCfg = Debug|Any CPU
		{AA9DCC96-B4C8-43F9-8C50-2E13DDDD2C23}.Debug|Any CPU.Build.0 = Debug|Any CPU
		{AA9DCC96-B4C8-43F9-8C50-2E13DDDD2C23}.Release|Any CPU.ActiveCfg = Release|Any CPU
		{AA9DCC96-B4C8-43F9-8C50-2E13DDDD2C23}.Release|Any CPU.Build.0 = Release|Any CPU
	EndGlobalSection
	GlobalSection(SolutionProperties) = preSolution
		HideSolutionNode = FALSE
	EndGlobalSection
	GlobalSection(ExtensibilityGlobals) = postSolution
		SolutionGuid = {F3CE26B0-E97D-42FD-9F10-A00A511D03AF}
	EndGlobalSection
EndGlobal
