
Microsoft Visual Studio Solution File, Format Version 12.00
# Visual Studio Version 17
VisualStudioVersion = 17.2.32630.192
MinimumVisualStudioVersion = 10.0.40219.1
Project("{FAE04EC0-301F-11D3-BF4B-00C04F79EFBC}") = "WPF_10", "WPF_10\WPF_10.csproj", "{4E07A587-67C5-4C34-B41A-A42E32B5EEAA}"
EndProject
Global
	GlobalSection(SolutionConfigurationPlatforms) = preSolution
		Debug|Any CPU = Debug|Any CPU
		Release|Any CPU = Release|Any CPU
	EndGlobalSection
	GlobalSection(ProjectConfigurationPlatforms) = postSolution
		{4E07A587-67C5-4C34-B41A-A42E32B5EEAA}.Debug|Any CPU.ActiveCfg = Debug|Any CPU
		{4E07A587-67C5-4C34-B41A-A42E32B5EEAA}.Debug|Any CPU.Build.0 = Debug|Any CPU
		{4E07A587-67C5-4C34-B41A-A42E32B5EEAA}.Release|Any CPU.ActiveCfg = Release|Any CPU
		{4E07A587-67C5-4C34-B41A-A42E32B5EEAA}.Release|Any CPU.Build.0 = Release|Any CPU
	EndGlobalSection
	GlobalSection(SolutionProperties) = preSolution
		HideSolutionNode = FALSE
	EndGlobalSection
	GlobalSection(ExtensibilityGlobals) = postSolution
		SolutionGuid = {001A5B4C-C4D8-4337-B86A-8E338246E96A}
	EndGlobalSection
EndGlobal
