
Microsoft Visual Studio Solution File, Format Version 12.00
# Visual Studio Version 17
VisualStudioVersion = 17.2.32616.157
MinimumVisualStudioVersion = 10.0.40219.1
Project("{FAE04EC0-301F-11D3-BF4B-00C04F79EFBC}") = "StringChallengeProblems", "StringChallengeProblems\StringChallengeProblems.csproj", "{686D0A31-3E9C-4D6E-9650-03F8BD0C0A34}"
EndProject
Global
	GlobalSection(SolutionConfigurationPlatforms) = preSolution
		Debug|Any CPU = Debug|Any CPU
		Release|Any CPU = Release|Any CPU
	EndGlobalSection
	GlobalSection(ProjectConfigurationPlatforms) = postSolution
		{686D0A31-3E9C-4D6E-9650-03F8BD0C0A34}.Debug|Any CPU.ActiveCfg = Debug|Any CPU
		{686D0A31-3E9C-4D6E-9650-03F8BD0C0A34}.Debug|Any CPU.Build.0 = Debug|Any CPU
		{686D0A31-3E9C-4D6E-9650-03F8BD0C0A34}.Release|Any CPU.ActiveCfg = Release|Any CPU
		{686D0A31-3E9C-4D6E-9650-03F8BD0C0A34}.Release|Any CPU.Build.0 = Release|Any CPU
	EndGlobalSection
	GlobalSection(SolutionProperties) = preSolution
		HideSolutionNode = FALSE
	EndGlobalSection
	GlobalSection(ExtensibilityGlobals) = postSolution
		SolutionGuid = {E13E635B-C117-4986-91F7-D627B30E8EE6}
	EndGlobalSection
EndGlobal
