
Microsoft Visual Studio Solution File, Format Version 12.00
# Visual Studio Version 17
VisualStudioVersion = 17.2.32630.192
MinimumVisualStudioVersion = 10.0.40219.1
Project("{FAE04EC0-301F-11D3-BF4B-00C04F79EFBC}") = "WPF_01", "WPF_01\WPF_01.csproj", "{5ED5F226-BE41-4FFB-AF31-9D1E5696CF7A}"
EndProject
Global
	GlobalSection(SolutionConfigurationPlatforms) = preSolution
		Debug|Any CPU = Debug|Any CPU
		Release|Any CPU = Release|Any CPU
	EndGlobalSection
	GlobalSection(ProjectConfigurationPlatforms) = postSolution
		{5ED5F226-BE41-4FFB-AF31-9D1E5696CF7A}.Debug|Any CPU.ActiveCfg = Debug|Any CPU
		{5ED5F226-BE41-4FFB-AF31-9D1E5696CF7A}.Debug|Any CPU.Build.0 = Debug|Any CPU
		{5ED5F226-BE41-4FFB-AF31-9D1E5696CF7A}.Release|Any CPU.ActiveCfg = Release|Any CPU
		{5ED5F226-BE41-4FFB-AF31-9D1E5696CF7A}.Release|Any CPU.Build.0 = Release|Any CPU
	EndGlobalSection
	GlobalSection(SolutionProperties) = preSolution
		HideSolutionNode = FALSE
	EndGlobalSection
	GlobalSection(ExtensibilityGlobals) = postSolution
		SolutionGuid = {FF3F3057-7002-4D08-AEF8-6ABC1C8869D4}
	EndGlobalSection
EndGlobal
