
Microsoft Visual Studio Solution File, Format Version 12.00
# Visual Studio Version 17
VisualStudioVersion = 17.2.32630.192
MinimumVisualStudioVersion = 10.0.40219.1
Project("{FAE04EC0-301F-11D3-BF4B-00C04F79EFBC}") = "WPF_14", "WPF_14\WPF_14.csproj", "{023F3EC0-D2D0-4FED-B47C-57838A832F26}"
EndProject
Global
	GlobalSection(SolutionConfigurationPlatforms) = preSolution
		Debug|Any CPU = Debug|Any CPU
		Release|Any CPU = Release|Any CPU
	EndGlobalSection
	GlobalSection(ProjectConfigurationPlatforms) = postSolution
		{023F3EC0-D2D0-4FED-B47C-57838A832F26}.Debug|Any CPU.ActiveCfg = Debug|Any CPU
		{023F3EC0-D2D0-4FED-B47C-57838A832F26}.Debug|Any CPU.Build.0 = Debug|Any CPU
		{023F3EC0-D2D0-4FED-B47C-57838A832F26}.Release|Any CPU.ActiveCfg = Release|Any CPU
		{023F3EC0-D2D0-4FED-B47C-57838A832F26}.Release|Any CPU.Build.0 = Release|Any CPU
	EndGlobalSection
	GlobalSection(SolutionProperties) = preSolution
		HideSolutionNode = FALSE
	EndGlobalSection
	GlobalSection(ExtensibilityGlobals) = postSolution
		SolutionGuid = {0B025E0C-ED65-46D8-BB56-21A064DC7133}
	EndGlobalSection
EndGlobal
