
Microsoft Visual Studio Solution File, Format Version 12.00
# Visual Studio Version 17
VisualStudioVersion = 17.4.33122.133
MinimumVisualStudioVersion = 10.0.40219.1
Project("{FAE04EC0-301F-11D3-BF4B-00C04F79EFBC}") = "ThreadsBasics", "ThreadsBasics\ThreadsBasics.csproj", "{BB1C971B-EFCC-4029-B42E-625BE35BE8C3}"
EndProject
Global
	GlobalSection(SolutionConfigurationPlatforms) = preSolution
		Debug|Any CPU = Debug|Any CPU
		Release|Any CPU = Release|Any CPU
	EndGlobalSection
	GlobalSection(ProjectConfigurationPlatforms) = postSolution
		{BB1C971B-EFCC-4029-B42E-625BE35BE8C3}.Debug|Any CPU.ActiveCfg = Debug|Any CPU
		{BB1C971B-EFCC-4029-B42E-625BE35BE8C3}.Debug|Any CPU.Build.0 = Debug|Any CPU
		{BB1C971B-EFCC-4029-B42E-625BE35BE8C3}.Release|Any CPU.ActiveCfg = Release|Any CPU
		{BB1C971B-EFCC-4029-B42E-625BE35BE8C3}.Release|Any CPU.Build.0 = Release|Any CPU
	EndGlobalSection
	GlobalSection(SolutionProperties) = preSolution
		HideSolutionNode = FALSE
	EndGlobalSection
	GlobalSection(ExtensibilityGlobals) = postSolution
		SolutionGuid = {BE7C5EE1-C4E3-46BC-871D-462E8B2A9128}
	EndGlobalSection
EndGlobal
