
Microsoft Visual Studio Solution File, Format Version 12.00
# Visual Studio Version 17
VisualStudioVersion = 17.2.32630.192
MinimumVisualStudioVersion = 10.0.40219.1
Project("{FAE04EC0-301F-11D3-BF4B-00C04F79EFBC}") = "WPF_06", "WPF_06\WPF_06.csproj", "{2B121149-308D-4A14-AC9B-9B4EED1C704E}"
EndProject
Global
	GlobalSection(SolutionConfigurationPlatforms) = preSolution
		Debug|Any CPU = Debug|Any CPU
		Release|Any CPU = Release|Any CPU
	EndGlobalSection
	GlobalSection(ProjectConfigurationPlatforms) = postSolution
		{2B121149-308D-4A14-AC9B-9B4EED1C704E}.Debug|Any CPU.ActiveCfg = Debug|Any CPU
		{2B121149-308D-4A14-AC9B-9B4EED1C704E}.Debug|Any CPU.Build.0 = Debug|Any CPU
		{2B121149-308D-4A14-AC9B-9B4EED1C704E}.Release|Any CPU.ActiveCfg = Release|Any CPU
		{2B121149-308D-4A14-AC9B-9B4EED1C704E}.Release|Any CPU.Build.0 = Release|Any CPU
	EndGlobalSection
	GlobalSection(SolutionProperties) = preSolution
		HideSolutionNode = FALSE
	EndGlobalSection
	GlobalSection(ExtensibilityGlobals) = postSolution
		SolutionGuid = {8CA4C56F-93CA-4EAA-B1D1-75420C82C4BE}
	EndGlobalSection
EndGlobal
