
Microsoft Visual Studio Solution File, Format Version 12.00
# Visual Studio Version 17
VisualStudioVersion = 17.2.32630.192
MinimumVisualStudioVersion = 10.0.40219.1
Project("{FAE04EC0-301F-11D3-BF4B-00C04F79EFBC}") = "QueuesAndStacks", "QueuesAndStacks\QueuesAndStacks.csproj", "{8D117106-4F7E-493C-A0A2-1166BD5AC37F}"
EndProject
Global
	GlobalSection(SolutionConfigurationPlatforms) = preSolution
		Debug|Any CPU = Debug|Any CPU
		Release|Any CPU = Release|Any CPU
	EndGlobalSection
	GlobalSection(ProjectConfigurationPlatforms) = postSolution
		{8D117106-4F7E-493C-A0A2-1166BD5AC37F}.Debug|Any CPU.ActiveCfg = Debug|Any CPU
		{8D117106-4F7E-493C-A0A2-1166BD5AC37F}.Debug|Any CPU.Build.0 = Debug|Any CPU
		{8D117106-4F7E-493C-A0A2-1166BD5AC37F}.Release|Any CPU.ActiveCfg = Release|Any CPU
		{8D117106-4F7E-493C-A0A2-1166BD5AC37F}.Release|Any CPU.Build.0 = Release|Any CPU
	EndGlobalSection
	GlobalSection(SolutionProperties) = preSolution
		HideSolutionNode = FALSE
	EndGlobalSection
	GlobalSection(ExtensibilityGlobals) = postSolution
		SolutionGuid = {1F4E470C-E832-42C6-8F39-FD73F8C9A705}
	EndGlobalSection
EndGlobal
