
Microsoft Visual Studio Solution File, Format Version 12.00
# Visual Studio Version 17
VisualStudioVersion = 17.2.32630.192
MinimumVisualStudioVersion = 10.0.40219.1
Project("{FAE04EC0-301F-11D3-BF4B-00C04F79EFBC}") = "RandomClass", "RandomClass\RandomClass.csproj", "{76542A36-978E-4BB7-BB2E-F9639045033A}"
EndProject
Global
	GlobalSection(SolutionConfigurationPlatforms) = preSolution
		Debug|Any CPU = Debug|Any CPU
		Release|Any CPU = Release|Any CPU
	EndGlobalSection
	GlobalSection(ProjectConfigurationPlatforms) = postSolution
		{76542A36-978E-4BB7-BB2E-F9639045033A}.Debug|Any CPU.ActiveCfg = Debug|Any CPU
		{76542A36-978E-4BB7-BB2E-F9639045033A}.Debug|Any CPU.Build.0 = Debug|Any CPU
		{76542A36-978E-4BB7-BB2E-F9639045033A}.Release|Any CPU.ActiveCfg = Release|Any CPU
		{76542A36-978E-4BB7-BB2E-F9639045033A}.Release|Any CPU.Build.0 = Release|Any CPU
	EndGlobalSection
	GlobalSection(SolutionProperties) = preSolution
		HideSolutionNode = FALSE
	EndGlobalSection
	GlobalSection(ExtensibilityGlobals) = postSolution
		SolutionGuid = {59BD8B2A-E62C-4081-800C-0B15A50A7CE9}
	EndGlobalSection
EndGlobal
