
Microsoft Visual Studio Solution File, Format Version 12.00
# Visual Studio Version 17
VisualStudioVersion = 17.2.32630.192
MinimumVisualStudioVersion = 10.0.40219.1
Project("{FAE04EC0-301F-11D3-BF4B-00C04F79EFBC}") = "DateTimeExample", "DateTimeExample\DateTimeExample.csproj", "{6B96F4D9-A776-485D-8FB8-9F3EA55B82BE}"
EndProject
Global
	GlobalSection(SolutionConfigurationPlatforms) = preSolution
		Debug|Any CPU = Debug|Any CPU
		Release|Any CPU = Release|Any CPU
	EndGlobalSection
	GlobalSection(ProjectConfigurationPlatforms) = postSolution
		{6B96F4D9-A776-485D-8FB8-9F3EA55B82BE}.Debug|Any CPU.ActiveCfg = Debug|Any CPU
		{6B96F4D9-A776-485D-8FB8-9F3EA55B82BE}.Debug|Any CPU.Build.0 = Debug|Any CPU
		{6B96F4D9-A776-485D-8FB8-9F3EA55B82BE}.Release|Any CPU.ActiveCfg = Release|Any CPU
		{6B96F4D9-A776-485D-8FB8-9F3EA55B82BE}.Release|Any CPU.Build.0 = Release|Any CPU
	EndGlobalSection
	GlobalSection(SolutionProperties) = preSolution
		HideSolutionNode = FALSE
	EndGlobalSection
	GlobalSection(ExtensibilityGlobals) = postSolution
		SolutionGuid = {6FA88894-CE21-4A54-9E2B-33089413FE51}
	EndGlobalSection
EndGlobal
