
Microsoft Visual Studio Solution File, Format Version 12.00
# Visual Studio Version 17
VisualStudioVersion = 17.2.32616.157
MinimumVisualStudioVersion = 10.0.40219.1
Project("{FAE04EC0-301F-11D3-BF4B-00C04F79EFBC}") = "IntroToClassesAndObjects", "IntroToClassesAndObjects\IntroToClassesAndObjects.csproj", "{EB2ED7F5-6E63-4D3E-9214-EF356A90D877}"
EndProject
Global
	GlobalSection(SolutionConfigurationPlatforms) = preSolution
		Debug|Any CPU = Debug|Any CPU
		Release|Any CPU = Release|Any CPU
	EndGlobalSection
	GlobalSection(ProjectConfigurationPlatforms) = postSolution
		{EB2ED7F5-6E63-4D3E-9214-EF356A90D877}.Debug|Any CPU.ActiveCfg = Debug|Any CPU
		{EB2ED7F5-6E63-4D3E-9214-EF356A90D877}.Debug|Any CPU.Build.0 = Debug|Any CPU
		{EB2ED7F5-6E63-4D3E-9214-EF356A90D877}.Release|Any CPU.ActiveCfg = Release|Any CPU
		{EB2ED7F5-6E63-4D3E-9214-EF356A90D877}.Release|Any CPU.Build.0 = Release|Any CPU
	EndGlobalSection
	GlobalSection(SolutionProperties) = preSolution
		HideSolutionNode = FALSE
	EndGlobalSection
	GlobalSection(ExtensibilityGlobals) = postSolution
		SolutionGuid = {1F078CA6-30A0-41C4-9CAE-D508AC43A777}
	EndGlobalSection
EndGlobal
