
Microsoft Visual Studio Solution File, Format Version 12.00
# Visual Studio Version 17
VisualStudioVersion = 17.2.32630.192
MinimumVisualStudioVersion = 10.0.40219.1
Project("{FAE04EC0-301F-11D3-BF4B-00C04F79EFBC}") = "VirtualOverrideDemo", "VirtualOverrideDemo\VirtualOverrideDemo.csproj", "{828339BA-F2F4-4B27-949B-CF8CA9CCC00C}"
EndProject
Global
	GlobalSection(SolutionConfigurationPlatforms) = preSolution
		Debug|Any CPU = Debug|Any CPU
		Release|Any CPU = Release|Any CPU
	EndGlobalSection
	GlobalSection(ProjectConfigurationPlatforms) = postSolution
		{828339BA-F2F4-4B27-949B-CF8CA9CCC00C}.Debug|Any CPU.ActiveCfg = Debug|Any CPU
		{828339BA-F2F4-4B27-949B-CF8CA9CCC00C}.Debug|Any CPU.Build.0 = Debug|Any CPU
		{828339BA-F2F4-4B27-949B-CF8CA9CCC00C}.Release|Any CPU.ActiveCfg = Release|Any CPU
		{828339BA-F2F4-4B27-949B-CF8CA9CCC00C}.Release|Any CPU.Build.0 = Release|Any CPU
	EndGlobalSection
	GlobalSection(SolutionProperties) = preSolution
		HideSolutionNode = FALSE
	EndGlobalSection
	GlobalSection(ExtensibilityGlobals) = postSolution
		SolutionGuid = {DB976D28-896F-4543-855B-0EA148E3795E}
	EndGlobalSection
EndGlobal
