
Microsoft Visual Studio Solution File, Format Version 12.00
# Visual Studio Version 17
VisualStudioVersion = 17.2.32616.157
MinimumVisualStudioVersion = 10.0.40219.1
Project("{FAE04EC0-301F-11D3-BF4B-00C04F79EFBC}") = "Strings", "Strings\Strings.csproj", "{B3C6730F-3E66-4C23-B786-E29759315442}"
EndProject
Global
	GlobalSection(SolutionConfigurationPlatforms) = preSolution
		Debug|Any CPU = Debug|Any CPU
		Release|Any CPU = Release|Any CPU
	EndGlobalSection
	GlobalSection(ProjectConfigurationPlatforms) = postSolution
		{B3C6730F-3E66-4C23-B786-E29759315442}.Debug|Any CPU.ActiveCfg = Debug|Any CPU
		{B3C6730F-3E66-4C23-B786-E29759315442}.Debug|Any CPU.Build.0 = Debug|Any CPU
		{B3C6730F-3E66-4C23-B786-E29759315442}.Release|Any CPU.ActiveCfg = Release|Any CPU
		{B3C6730F-3E66-4C23-B786-E29759315442}.Release|Any CPU.Build.0 = Release|Any CPU
	EndGlobalSection
	GlobalSection(SolutionProperties) = preSolution
		HideSolutionNode = FALSE
	EndGlobalSection
	GlobalSection(ExtensibilityGlobals) = postSolution
		SolutionGuid = {A5F7404A-F429-473B-8CE4-F8D2976ED33D}
	EndGlobalSection
EndGlobal
