
Microsoft Visual Studio Solution File, Format Version 12.00
# Visual Studio Version 17
VisualStudioVersion = 17.2.32630.192
MinimumVisualStudioVersion = 10.0.40219.1
Project("{FAE04EC0-301F-11D3-BF4B-00C04F79EFBC}") = "InterfacesDemo2", "InterfacesDemo2\InterfacesDemo2.csproj", "{F1CE1AD9-2CD0-45B1-831A-270F4868903F}"
EndProject
Global
	GlobalSection(SolutionConfigurationPlatforms) = preSolution
		Debug|Any CPU = Debug|Any CPU
		Release|Any CPU = Release|Any CPU
	EndGlobalSection
	GlobalSection(ProjectConfigurationPlatforms) = postSolution
		{F1CE1AD9-2CD0-45B1-831A-270F4868903F}.Debug|Any CPU.ActiveCfg = Debug|Any CPU
		{F1CE1AD9-2CD0-45B1-831A-270F4868903F}.Debug|Any CPU.Build.0 = Debug|Any CPU
		{F1CE1AD9-2CD0-45B1-831A-270F4868903F}.Release|Any CPU.ActiveCfg = Release|Any CPU
		{F1CE1AD9-2CD0-45B1-831A-270F4868903F}.Release|Any CPU.Build.0 = Release|Any CPU
	EndGlobalSection
	GlobalSection(SolutionProperties) = preSolution
		HideSolutionNode = FALSE
	EndGlobalSection
	GlobalSection(ExtensibilityGlobals) = postSolution
		SolutionGuid = {99C9C59E-D33E-4E81-AA75-795C1BDA871E}
	EndGlobalSection
EndGlobal
