
Microsoft Visual Studio Solution File, Format Version 12.00
# Visual Studio Version 17
VisualStudioVersion = 17.2.32630.192
MinimumVisualStudioVersion = 10.0.40219.1
Project("{FAE04EC0-301F-11D3-BF4B-00C04F79EFBC}") = "Lists", "Lists\Lists.csproj", "{3D0A5B7D-3EFB-4861-A788-98F4160A78B0}"
EndProject
Global
	GlobalSection(SolutionConfigurationPlatforms) = preSolution
		Debug|Any CPU = Debug|Any CPU
		Release|Any CPU = Release|Any CPU
	EndGlobalSection
	GlobalSection(ProjectConfigurationPlatforms) = postSolution
		{3D0A5B7D-3EFB-4861-A788-98F4160A78B0}.Debug|Any CPU.ActiveCfg = Debug|Any CPU
		{3D0A5B7D-3EFB-4861-A788-98F4160A78B0}.Debug|Any CPU.Build.0 = Debug|Any CPU
		{3D0A5B7D-3EFB-4861-A788-98F4160A78B0}.Release|Any CPU.ActiveCfg = Release|Any CPU
		{3D0A5B7D-3EFB-4861-A788-98F4160A78B0}.Release|Any CPU.Build.0 = Release|Any CPU
	EndGlobalSection
	GlobalSection(SolutionProperties) = preSolution
		HideSolutionNode = FALSE
	EndGlobalSection
	GlobalSection(ExtensibilityGlobals) = postSolution
		SolutionGuid = {50FC89A8-CAF4-4DC6-AE79-27BBF0F8EF9C}
	EndGlobalSection
EndGlobal
