
Microsoft Visual Studio Solution File, Format Version 12.00
# Visual Studio Version 17
VisualStudioVersion = 17.2.32616.157
MinimumVisualStudioVersion = 10.0.40219.1
Project("{FAE04EC0-301F-11D3-BF4B-00C04F79EFBC}") = "IfStatementsChallengeTwo", "IfStatementsChallengeTwo\IfStatementsChallengeTwo.csproj", "{973145F2-61E0-49D8-88F6-EE7501B467F2}"
EndProject
Global
	GlobalSection(SolutionConfigurationPlatforms) = preSolution
		Debug|Any CPU = Debug|Any CPU
		Release|Any CPU = Release|Any CPU
	EndGlobalSection
	GlobalSection(ProjectConfigurationPlatforms) = postSolution
		{973145F2-61E0-49D8-88F6-EE7501B467F2}.Debug|Any CPU.ActiveCfg = Debug|Any CPU
		{973145F2-61E0-49D8-88F6-EE7501B467F2}.Debug|Any CPU.Build.0 = Debug|Any CPU
		{973145F2-61E0-49D8-88F6-EE7501B467F2}.Release|Any CPU.ActiveCfg = Release|Any CPU
		{973145F2-61E0-49D8-88F6-EE7501B467F2}.Release|Any CPU.Build.0 = Release|Any CPU
	EndGlobalSection
	GlobalSection(SolutionProperties) = preSolution
		HideSolutionNode = FALSE
	EndGlobalSection
	GlobalSection(ExtensibilityGlobals) = postSolution
		SolutionGuid = {048F7792-F237-4545-A161-96D61C1981E8}
	EndGlobalSection
EndGlobal
