
Microsoft Visual Studio Solution File, Format Version 12.00
# Visual Studio Version 17
VisualStudioVersion = 17.2.32630.192
MinimumVisualStudioVersion = 10.0.40219.1
Project("{FAE04EC0-301F-11D3-BF4B-00C04F79EFBC}") = "WPF_08", "WPF_08\WPF_08.csproj", "{67C03038-9BEA-47E3-859B-2868A285E8EA}"
EndProject
Global
	GlobalSection(SolutionConfigurationPlatforms) = preSolution
		Debug|Any CPU = Debug|Any CPU
		Release|Any CPU = Release|Any CPU
	EndGlobalSection
	GlobalSection(ProjectConfigurationPlatforms) = postSolution
		{67C03038-9BEA-47E3-859B-2868A285E8EA}.Debug|Any CPU.ActiveCfg = Debug|Any CPU
		{67C03038-9BEA-47E3-859B-2868A285E8EA}.Debug|Any CPU.Build.0 = Debug|Any CPU
		{67C03038-9BEA-47E3-859B-2868A285E8EA}.Release|Any CPU.ActiveCfg = Release|Any CPU
		{67C03038-9BEA-47E3-859B-2868A285E8EA}.Release|Any CPU.Build.0 = Release|Any CPU
	EndGlobalSection
	GlobalSection(SolutionProperties) = preSolution
		HideSolutionNode = FALSE
	EndGlobalSection
	GlobalSection(ExtensibilityGlobals) = postSolution
		SolutionGuid = {EE0AFFC8-12DF-4064-82CA-B740F9F2A9A7}
	EndGlobalSection
EndGlobal
