
Microsoft Visual Studio Solution File, Format Version 12.00
# Visual Studio Version 17
VisualStudioVersion = 17.2.32616.157
MinimumVisualStudioVersion = 10.0.40219.1
Project("{FAE04EC0-301F-11D3-BF4B-00C04F79EFBC}") = "IntroToDecisionMaking", "IntroToDecisionMaking\IntroToDecisionMaking.csproj", "{979BE05B-8971-4BC2-B976-8005A1A18AF7}"
EndProject
Global
	GlobalSection(SolutionConfigurationPlatforms) = preSolution
		Debug|Any CPU = Debug|Any CPU
		Release|Any CPU = Release|Any CPU
	EndGlobalSection
	GlobalSection(ProjectConfigurationPlatforms) = postSolution
		{979BE05B-8971-4BC2-B976-8005A1A18AF7}.Debug|Any CPU.ActiveCfg = Debug|Any CPU
		{979BE05B-8971-4BC2-B976-8005A1A18AF7}.Debug|Any CPU.Build.0 = Debug|Any CPU
		{979BE05B-8971-4BC2-B976-8005A1A18AF7}.Release|Any CPU.ActiveCfg = Release|Any CPU
		{979BE05B-8971-4BC2-B976-8005A1A18AF7}.Release|Any CPU.Build.0 = Release|Any CPU
	EndGlobalSection
	GlobalSection(SolutionProperties) = preSolution
		HideSolutionNode = FALSE
	EndGlobalSection
	GlobalSection(ExtensibilityGlobals) = postSolution
		SolutionGuid = {5F68968F-5DC1-48AB-82D5-DABCA1AF8ECC}
	EndGlobalSection
EndGlobal
