
Microsoft Visual Studio Solution File, Format Version 12.00
# Visual Studio Version 17
VisualStudioVersion = 17.2.32616.157
MinimumVisualStudioVersion = 10.0.40219.1
Project("{FAE04EC0-301F-11D3-BF4B-00C04F79EFBC}") = "DataTypesAndVariables", "DataTypesAndVariables\DataTypesAndVariables.csproj", "{58CC5DC4-215B-4CB3-B42A-77A128994CBE}"
EndProject
Global
	GlobalSection(SolutionConfigurationPlatforms) = preSolution
		Debug|Any CPU = Debug|Any CPU
		Release|Any CPU = Release|Any CPU
	EndGlobalSection
	GlobalSection(ProjectConfigurationPlatforms) = postSolution
		{58CC5DC4-215B-4CB3-B42A-77A128994CBE}.Debug|Any CPU.ActiveCfg = Debug|Any CPU
		{58CC5DC4-215B-4CB3-B42A-77A128994CBE}.Debug|Any CPU.Build.0 = Debug|Any CPU
		{58CC5DC4-215B-4CB3-B42A-77A128994CBE}.Release|Any CPU.ActiveCfg = Release|Any CPU
		{58CC5DC4-215B-4CB3-B42A-77A128994CBE}.Release|Any CPU.Build.0 = Release|Any CPU
	EndGlobalSection
	GlobalSection(SolutionProperties) = preSolution
		HideSolutionNode = FALSE
	EndGlobalSection
	GlobalSection(ExtensibilityGlobals) = postSolution
		SolutionGuid = {BA61E101-517A-4FD5-B866-1CE517CAF945}
	EndGlobalSection
EndGlobal
