
Microsoft Visual Studio Solution File, Format Version 12.00
# Visual Studio Version 17
VisualStudioVersion = 17.2.32616.157
MinimumVisualStudioVersion = 10.0.40219.1
Project("{FAE04EC0-301F-11D3-BF4B-00C04F79EFBC}") = "SwitchStatements", "SwitchStatements\SwitchStatements.csproj", "{09194997-F732-4232-A7AD-A761A6C6EC9A}"
EndProject
Global
	GlobalSection(SolutionConfigurationPlatforms) = preSolution
		Debug|Any CPU = Debug|Any CPU
		Release|Any CPU = Release|Any CPU
	EndGlobalSection
	GlobalSection(ProjectConfigurationPlatforms) = postSolution
		{09194997-F732-4232-A7AD-A761A6C6EC9A}.Debug|Any CPU.ActiveCfg = Debug|Any CPU
		{09194997-F732-4232-A7AD-A761A6C6EC9A}.Debug|Any CPU.Build.0 = Debug|Any CPU
		{09194997-F732-4232-A7AD-A761A6C6EC9A}.Release|Any CPU.ActiveCfg = Release|Any CPU
		{09194997-F732-4232-A7AD-A761A6C6EC9A}.Release|Any CPU.Build.0 = Release|Any CPU
	EndGlobalSection
	GlobalSection(SolutionProperties) = preSolution
		HideSolutionNode = FALSE
	EndGlobalSection
	GlobalSection(ExtensibilityGlobals) = postSolution
		SolutionGuid = {34E14DF0-7924-4538-94CB-E15D01DE3499}
	EndGlobalSection
EndGlobal
