
Microsoft Visual Studio Solution File, Format Version 12.00
# Visual Studio Version 17
VisualStudioVersion = 17.2.32630.192
MinimumVisualStudioVersion = 10.0.40219.1
Project("{FAE04EC0-301F-11D3-BF4B-00C04F79EFBC}") = "WPF_04", "WPF_04\WPF_04.csproj", "{8A0DD9FD-B30F-41E6-BA68-EB9BEC63C87C}"
EndProject
Global
	GlobalSection(SolutionConfigurationPlatforms) = preSolution
		Debug|Any CPU = Debug|Any CPU
		Release|Any CPU = Release|Any CPU
	EndGlobalSection
	GlobalSection(ProjectConfigurationPlatforms) = postSolution
		{8A0DD9FD-B30F-41E6-BA68-EB9BEC63C87C}.Debug|Any CPU.ActiveCfg = Debug|Any CPU
		{8A0DD9FD-B30F-41E6-BA68-EB9BEC63C87C}.Debug|Any CPU.Build.0 = Debug|Any CPU
		{8A0DD9FD-B30F-41E6-BA68-EB9BEC63C87C}.Release|Any CPU.ActiveCfg = Release|Any CPU
		{8A0DD9FD-B30F-41E6-BA68-EB9BEC63C87C}.Release|Any CPU.Build.0 = Release|Any CPU
	EndGlobalSection
	GlobalSection(SolutionProperties) = preSolution
		HideSolutionNode = FALSE
	EndGlobalSection
	GlobalSection(ExtensibilityGlobals) = postSolution
		SolutionGuid = {FECD1EEA-C339-49CE-90EA-DBB4A6305535}
	EndGlobalSection
EndGlobal
