
Microsoft Visual Studio Solution File, Format Version 12.00
# Visual Studio Version 17
VisualStudioVersion = 17.2.32630.192
MinimumVisualStudioVersion = 10.0.40219.1
Project("{FAE04EC0-301F-11D3-BF4B-00C04F79EFBC}") = "RegularExpressions", "RegularExpressions\RegularExpressions.csproj", "{C7C05C60-2E58-48EE-A54E-C80530CFE31C}"
EndProject
Global
	GlobalSection(SolutionConfigurationPlatforms) = preSolution
		Debug|Any CPU = Debug|Any CPU
		Release|Any CPU = Release|Any CPU
	EndGlobalSection
	GlobalSection(ProjectConfigurationPlatforms) = postSolution
		{C7C05C60-2E58-48EE-A54E-C80530CFE31C}.Debug|Any CPU.ActiveCfg = Debug|Any CPU
		{C7C05C60-2E58-48EE-A54E-C80530CFE31C}.Debug|Any CPU.Build.0 = Debug|Any CPU
		{C7C05C60-2E58-48EE-A54E-C80530CFE31C}.Release|Any CPU.ActiveCfg = Release|Any CPU
		{C7C05C60-2E58-48EE-A54E-C80530CFE31C}.Release|Any CPU.Build.0 = Release|Any CPU
	EndGlobalSection
	GlobalSection(SolutionProperties) = preSolution
		HideSolutionNode = FALSE
	EndGlobalSection
	GlobalSection(ExtensibilityGlobals) = postSolution
		SolutionGuid = {B67CA0F6-676D-4D00-ABDF-1C798AA3E3F7}
	EndGlobalSection
EndGlobal
